
Microsoft Visual Studio Solution File, Format Version 12.00
# Visual Studio Version 16
VisualStudioVersion = 16.0.31729.503
MinimumVisualStudioVersion = 10.0.40219.1
Project("{FAE04EC0-301F-11D3-BF4B-00C04F79EFBC}") = "EsercizioStringheVojceska1", "EsercizioStringheVojceska1\EsercizioStringheVojceska1.csproj", "{46A30D39-B59B-401E-A67C-C138CC6495C6}"
EndProject
Global
	GlobalSection(SolutionConfigurationPlatforms) = preSolution
		Debug|Any CPU = Debug|Any CPU
		Release|Any CPU = Release|Any CPU
	EndGlobalSection
	GlobalSection(ProjectConfigurationPlatforms) = postSolution
		{46A30D39-B59B-401E-A67C-C138CC6495C6}.Debug|Any CPU.ActiveCfg = Debug|Any CPU
		{46A30D39-B59B-401E-A67C-C138CC6495C6}.Debug|Any CPU.Build.0 = Debug|Any CPU
		{46A30D39-B59B-401E-A67C-C138CC6495C6}.Release|Any CPU.ActiveCfg = Release|Any CPU
		{46A30D39-B59B-401E-A67C-C138CC6495C6}.Release|Any CPU.Build.0 = Release|Any CPU
	EndGlobalSection
	GlobalSection(SolutionProperties) = preSolution
		HideSolutionNode = FALSE
	EndGlobalSection
	GlobalSection(ExtensibilityGlobals) = postSolution
		SolutionGuid = {055BF4D6-887B-4C88-B1DE-3A05CA27B64F}
	EndGlobalSection
EndGlobal
